// !$*UTF8*$!
{
	archiveVersion = 1;
	classes = {
	};
	objectVersion = 55;
	objects = {

/* Begin PBXBuildFile section */
		83E8EA11273241E400294376 /* AfricaApp.swift in Sources */ = {isa = PBXBuildFile; fileRef = 83E8EA10273241E400294376 /* AfricaApp.swift */; };
		83E8EA13273241E400294376 /* ContentView.swift in Sources */ = {isa = PBXBuildFile; fileRef = 83E8EA12273241E400294376 /* ContentView.swift */; };
		83E8EA15273241E500294376 /* Assets.xcassets in Resources */ = {isa = PBXBuildFile; fileRef = 83E8EA14273241E500294376 /* Assets.xcassets */; };
		83E8EA18273241E500294376 /* Preview Assets.xcassets in Resources */ = {isa = PBXBuildFile; fileRef = 83E8EA17273241E500294376 /* Preview Assets.xcassets */; };
		83E8EA29273243BE00294376 /* hippo.mp4 in Resources */ = {isa = PBXBuildFile; fileRef = 83E8EA1F273243BC00294376 /* hippo.mp4 */; };
		83E8EA2A273243BE00294376 /* lion.mp4 in Resources */ = {isa = PBXBuildFile; fileRef = 83E8EA20273243BC00294376 /* lion.mp4 */; };
		83E8EA2B273243BE00294376 /* gorilla.mp4 in Resources */ = {isa = PBXBuildFile; fileRef = 83E8EA21273243BD00294376 /* gorilla.mp4 */; };
		83E8EA2C273243BE00294376 /* ostrich.mp4 in Resources */ = {isa = PBXBuildFile; fileRef = 83E8EA22273243BD00294376 /* ostrich.mp4 */; };
		83E8EA2D273243BE00294376 /* rhino.mp4 in Resources */ = {isa = PBXBuildFile; fileRef = 83E8EA23273243BD00294376 /* rhino.mp4 */; };
		83E8EA2E273243BE00294376 /* lioness.mp4 in Resources */ = {isa = PBXBuildFile; fileRef = 83E8EA24273243BD00294376 /* lioness.mp4 */; };
		83E8EA2F273243BE00294376 /* cheetah.mp4 in Resources */ = {isa = PBXBuildFile; fileRef = 83E8EA25273243BD00294376 /* cheetah.mp4 */; };
		83E8EA30273243BE00294376 /* zebra.mp4 in Resources */ = {isa = PBXBuildFile; fileRef = 83E8EA26273243BE00294376 /* zebra.mp4 */; };
		83E8EA31273243BE00294376 /* elephant.mp4 in Resources */ = {isa = PBXBuildFile; fileRef = 83E8EA27273243BE00294376 /* elephant.mp4 */; };
		83E8EA32273243BE00294376 /* giraffe.mp4 in Resources */ = {isa = PBXBuildFile; fileRef = 83E8EA28273243BE00294376 /* giraffe.mp4 */; };
		83E8EA38273243E700294376 /* animals.json in Resources */ = {isa = PBXBuildFile; fileRef = 83E8EA34273243E700294376 /* animals.json */; };
		83E8EA39273243E700294376 /* locations.json in Resources */ = {isa = PBXBuildFile; fileRef = 83E8EA35273243E700294376 /* locations.json */; };
		83E8EA3A273243E700294376 /* covers.json in Resources */ = {isa = PBXBuildFile; fileRef = 83E8EA36273243E700294376 /* covers.json */; };
		83E8EA3B273243E700294376 /* videos.json in Resources */ = {isa = PBXBuildFile; fileRef = 83E8EA37273243E700294376 /* videos.json */; };
		83E8EA3F2732453B00294376 /* VideoListView.swift in Sources */ = {isa = PBXBuildFile; fileRef = 83E8EA3E2732453B00294376 /* VideoListView.swift */; };
		83E8EA412732454F00294376 /* MapView.swift in Sources */ = {isa = PBXBuildFile; fileRef = 83E8EA402732454F00294376 /* MapView.swift */; };
		83E8EA432732455C00294376 /* GalleryView.swift in Sources */ = {isa = PBXBuildFile; fileRef = 83E8EA422732455C00294376 /* GalleryView.swift */; };
		83E8EA452732456800294376 /* MainView.swift in Sources */ = {isa = PBXBuildFile; fileRef = 83E8EA442732456800294376 /* MainView.swift */; };
		83E8EA482732480800294376 /* CoverImageView.swift in Sources */ = {isa = PBXBuildFile; fileRef = 83E8EA472732480800294376 /* CoverImageView.swift */; };
		83E8EA4B2732515300294376 /* CoverImageModel.swift in Sources */ = {isa = PBXBuildFile; fileRef = 83E8EA4A2732515300294376 /* CoverImageModel.swift */; };
		83E8EA4E273251CA00294376 /* CodableBundleExtension.swift in Sources */ = {isa = PBXBuildFile; fileRef = 83E8EA4D273251CA00294376 /* CodableBundleExtension.swift */; };
		83E8EA502732541800294376 /* AnimalListItemView.swift in Sources */ = {isa = PBXBuildFile; fileRef = 83E8EA4F2732541800294376 /* AnimalListItemView.swift */; };
		83E8EA522732551400294376 /* AnimalModel.swift in Sources */ = {isa = PBXBuildFile; fileRef = 83E8EA512732551400294376 /* AnimalModel.swift */; };
		83E8EA542732584D00294376 /* AnimalDetailView.swift in Sources */ = {isa = PBXBuildFile; fileRef = 83E8EA532732584D00294376 /* AnimalDetailView.swift */; };
		83E8EA5627325A1200294376 /* HeadingView.swift in Sources */ = {isa = PBXBuildFile; fileRef = 83E8EA5527325A1200294376 /* HeadingView.swift */; };
		83E8EA5827325AE200294376 /* InsetGalleryView.swift in Sources */ = {isa = PBXBuildFile; fileRef = 83E8EA5727325AE200294376 /* InsetGalleryView.swift */; };
		83E8EA5A27325C8500294376 /* InsetFactView.swift in Sources */ = {isa = PBXBuildFile; fileRef = 83E8EA5927325C8500294376 /* InsetFactView.swift */; };
		83E8EA5C27325E6D00294376 /* InsetMapView.swift in Sources */ = {isa = PBXBuildFile; fileRef = 83E8EA5B27325E6D00294376 /* InsetMapView.swift */; };
		83E8EA5E273260D000294376 /* ExternalLinkView.swift in Sources */ = {isa = PBXBuildFile; fileRef = 83E8EA5D273260D000294376 /* ExternalLinkView.swift */; };
		83E8EA602732628400294376 /* VideoModel.swift in Sources */ = {isa = PBXBuildFile; fileRef = 83E8EA5F2732628400294376 /* VideoModel.swift */; };
		83E8EA62273262B800294376 /* VideoListItemView.swift in Sources */ = {isa = PBXBuildFile; fileRef = 83E8EA61273262B800294376 /* VideoListItemView.swift */; };
		83E8EA6427326A0A00294376 /* VideoPlayerView.swift in Sources */ = {isa = PBXBuildFile; fileRef = 83E8EA6327326A0A00294376 /* VideoPlayerView.swift */; };
		83E8EA6727326A8300294376 /* VideoPlayerHelper.swift in Sources */ = {isa = PBXBuildFile; fileRef = 83E8EA6627326A8300294376 /* VideoPlayerHelper.swift */; };
		83E8EA6927326DD300294376 /* LocationModel.swift in Sources */ = {isa = PBXBuildFile; fileRef = 83E8EA6827326DD300294376 /* LocationModel.swift */; };
		83E8EA6B2732700500294376 /* MapAnnotationView.swift in Sources */ = {isa = PBXBuildFile; fileRef = 83E8EA6A2732700500294376 /* MapAnnotationView.swift */; };
		83E8EA6D2732738100294376 /* MotionAnimationView.swift in Sources */ = {isa = PBXBuildFile; fileRef = 83E8EA6C2732738100294376 /* MotionAnimationView.swift */; };
		83E8EA6F2732821500294376 /* AnimalGridItemView.swift in Sources */ = {isa = PBXBuildFile; fileRef = 83E8EA6E2732821500294376 /* AnimalGridItemView.swift */; };
		83E8EA71273285B400294376 /* CredtisView.swift in Sources */ = {isa = PBXBuildFile; fileRef = 83E8EA70273285B400294376 /* CredtisView.swift */; };
		83EE65CF273288D600965D1A /* CenterModifier.swift in Sources */ = {isa = PBXBuildFile; fileRef = 83EE65CE273288D600965D1A /* CenterModifier.swift */; };
/* End PBXBuildFile section */

/* Begin PBXFileReference section */
		83E8EA0D273241E400294376 /* Africa.app */ = {isa = PBXFileReference; explicitFileType = wrapper.application; includeInIndex = 0; path = Africa.app; sourceTree = BUILT_PRODUCTS_DIR; };
		83E8EA10273241E400294376 /* AfricaApp.swift */ = {isa = PBXFileReference; lastKnownFileType = sourcecode.swift; path = AfricaApp.swift; sourceTree = "<group>"; };
		83E8EA12273241E400294376 /* ContentView.swift */ = {isa = PBXFileReference; lastKnownFileType = sourcecode.swift; path = ContentView.swift; sourceTree = "<group>"; };
		83E8EA14273241E500294376 /* Assets.xcassets */ = {isa = PBXFileReference; lastKnownFileType = folder.assetcatalog; path = Assets.xcassets; sourceTree = "<group>"; };
		83E8EA17273241E500294376 /* Preview Assets.xcassets */ = {isa = PBXFileReference; lastKnownFileType = folder.assetcatalog; path = "Preview Assets.xcassets"; sourceTree = "<group>"; };
		83E8EA1F273243BC00294376 /* hippo.mp4 */ = {isa = PBXFileReference; lastKnownFileType = file; path = hippo.mp4; sourceTree = "<group>"; };
		83E8EA20273243BC00294376 /* lion.mp4 */ = {isa = PBXFileReference; lastKnownFileType = file; path = lion.mp4; sourceTree = "<group>"; };
		83E8EA21273243BD00294376 /* gorilla.mp4 */ = {isa = PBXFileReference; lastKnownFileType = file; path = gorilla.mp4; sourceTree = "<group>"; };
		83E8EA22273243BD00294376 /* ostrich.mp4 */ = {isa = PBXFileReference; lastKnownFileType = file; path = ostrich.mp4; sourceTree = "<group>"; };
		83E8EA23273243BD00294376 /* rhino.mp4 */ = {isa = PBXFileReference; lastKnownFileType = file; path = rhino.mp4; sourceTree = "<group>"; };
		83E8EA24273243BD00294376 /* lioness.mp4 */ = {isa = PBXFileReference; lastKnownFileType = file; path = lioness.mp4; sourceTree = "<group>"; };
		83E8EA25273243BD00294376 /* cheetah.mp4 */ = {isa = PBXFileReference; lastKnownFileType = file; path = cheetah.mp4; sourceTree = "<group>"; };
		83E8EA26273243BE00294376 /* zebra.mp4 */ = {isa = PBXFileReference; lastKnownFileType = file; path = zebra.mp4; sourceTree = "<group>"; };
		83E8EA27273243BE00294376 /* elephant.mp4 */ = {isa = PBXFileReference; lastKnownFileType = file; path = elephant.mp4; sourceTree = "<group>"; };
		83E8EA28273243BE00294376 /* giraffe.mp4 */ = {isa = PBXFileReference; lastKnownFileType = file; path = giraffe.mp4; sourceTree = "<group>"; };
		83E8EA34273243E700294376 /* animals.json */ = {isa = PBXFileReference; fileEncoding = 4; lastKnownFileType = text.json; path = animals.json; sourceTree = "<group>"; };
		83E8EA35273243E700294376 /* locations.json */ = {isa = PBXFileReference; fileEncoding = 4; lastKnownFileType = text.json; path = locations.json; sourceTree = "<group>"; };
		83E8EA36273243E700294376 /* covers.json */ = {isa = PBXFileReference; fileEncoding = 4; lastKnownFileType = text.json; path = covers.json; sourceTree = "<group>"; };
		83E8EA37273243E700294376 /* videos.json */ = {isa = PBXFileReference; fileEncoding = 4; lastKnownFileType = text.json; path = videos.json; sourceTree = "<group>"; };
		83E8EA3C2732448700294376 /* Info.plist */ = {isa = PBXFileReference; lastKnownFileType = text.plist; path = Info.plist; sourceTree = "<group>"; };
		83E8EA3E2732453B00294376 /* VideoListView.swift */ = {isa = PBXFileReference; lastKnownFileType = sourcecode.swift; path = VideoListView.swift; sourceTree = "<group>"; };
		83E8EA402732454F00294376 /* MapView.swift */ = {isa = PBXFileReference; lastKnownFileType = sourcecode.swift; path = MapView.swift; sourceTree = "<group>"; };
		83E8EA422732455C00294376 /* GalleryView.swift */ = {isa = PBXFileReference; lastKnownFileType = sourcecode.swift; path = GalleryView.swift; sourceTree = "<group>"; };
		83E8EA442732456800294376 /* MainView.swift */ = {isa = PBXFileReference; lastKnownFileType = sourcecode.swift; path = MainView.swift; sourceTree = "<group>"; };
		83E8EA472732480800294376 /* CoverImageView.swift */ = {isa = PBXFileReference; lastKnownFileType = sourcecode.swift; path = CoverImageView.swift; sourceTree = "<group>"; };
		83E8EA4A2732515300294376 /* CoverImageModel.swift */ = {isa = PBXFileReference; lastKnownFileType = sourcecode.swift; path = CoverImageModel.swift; sourceTree = "<group>"; };
		83E8EA4D273251CA00294376 /* CodableBundleExtension.swift */ = {isa = PBXFileReference; lastKnownFileType = sourcecode.swift; path = CodableBundleExtension.swift; sourceTree = "<group>"; };
		83E8EA4F2732541800294376 /* AnimalListItemView.swift */ = {isa = PBXFileReference; lastKnownFileType = sourcecode.swift; path = AnimalListItemView.swift; sourceTree = "<group>"; };
		83E8EA512732551400294376 /* AnimalModel.swift */ = {isa = PBXFileReference; lastKnownFileType = sourcecode.swift; path = AnimalModel.swift; sourceTree = "<group>"; };
		83E8EA532732584D00294376 /* AnimalDetailView.swift */ = {isa = PBXFileReference; lastKnownFileType = sourcecode.swift; path = AnimalDetailView.swift; sourceTree = "<group>"; };
		83E8EA5527325A1200294376 /* HeadingView.swift */ = {isa = PBXFileReference; lastKnownFileType = sourcecode.swift; path = HeadingView.swift; sourceTree = "<group>"; };
		83E8EA5727325AE200294376 /* InsetGalleryView.swift */ = {isa = PBXFileReference; lastKnownFileType = sourcecode.swift; path = InsetGalleryView.swift; sourceTree = "<group>"; };
		83E8EA5927325C8500294376 /* InsetFactView.swift */ = {isa = PBXFileReference; lastKnownFileType = sourcecode.swift; path = InsetFactView.swift; sourceTree = "<group>"; };
		83E8EA5B27325E6D00294376 /* InsetMapView.swift */ = {isa = PBXFileReference; lastKnownFileType = sourcecode.swift; path = InsetMapView.swift; sourceTree = "<group>"; };
		83E8EA5D273260D000294376 /* ExternalLinkView.swift */ = {isa = PBXFileReference; lastKnownFileType = sourcecode.swift; path = ExternalLinkView.swift; sourceTree = "<group>"; };
		83E8EA5F2732628400294376 /* VideoModel.swift */ = {isa = PBXFileReference; lastKnownFileType = sourcecode.swift; path = VideoModel.swift; sourceTree = "<group>"; };
		83E8EA61273262B800294376 /* VideoListItemView.swift */ = {isa = PBXFileReference; lastKnownFileType = sourcecode.swift; path = VideoListItemView.swift; sourceTree = "<group>"; };
		83E8EA6327326A0A00294376 /* VideoPlayerView.swift */ = {isa = PBXFileReference; lastKnownFileType = sourcecode.swift; path = VideoPlayerView.swift; sourceTree = "<group>"; };
		83E8EA6627326A8300294376 /* VideoPlayerHelper.swift */ = {isa = PBXFileReference; lastKnownFileType = sourcecode.swift; path = VideoPlayerHelper.swift; sourceTree = "<group>"; };
		83E8EA6827326DD300294376 /* LocationModel.swift */ = {isa = PBXFileReference; lastKnownFileType = sourcecode.swift; path = LocationModel.swift; sourceTree = "<group>"; };
		83E8EA6A2732700500294376 /* MapAnnotationView.swift */ = {isa = PBXFileReference; lastKnownFileType = sourcecode.swift; path = MapAnnotationView.swift; sourceTree = "<group>"; };
		83E8EA6C2732738100294376 /* MotionAnimationView.swift */ = {isa = PBXFileReference; lastKnownFileType = sourcecode.swift; path = MotionAnimationView.swift; sourceTree = "<group>"; };
		83E8EA6E2732821500294376 /* AnimalGridItemView.swift */ = {isa = PBXFileReference; lastKnownFileType = sourcecode.swift; path = AnimalGridItemView.swift; sourceTree = "<group>"; };
		83E8EA70273285B400294376 /* CredtisView.swift */ = {isa = PBXFileReference; lastKnownFileType = sourcecode.swift; path = CredtisView.swift; sourceTree = "<group>"; };
		83EE65CE273288D600965D1A /* CenterModifier.swift */ = {isa = PBXFileReference; lastKnownFileType = sourcecode.swift; path = CenterModifier.swift; sourceTree = "<group>"; };
		83EE65D02732898000965D1A /* Africa.entitlements */ = {isa = PBXFileReference; lastKnownFileType = text.plist.entitlements; path = Africa.entitlements; sourceTree = "<group>"; };
/* End PBXFileReference section */

/* Begin PBXFrameworksBuildPhase section */
		83E8EA0A273241E400294376 /* Frameworks */ = {
			isa = PBXFrameworksBuildPhase;
			buildActionMask = 2147483647;
			files = (
			);
			runOnlyForDeploymentPostprocessing = 0;
		};
/* End PBXFrameworksBuildPhase section */

/* Begin PBXGroup section */
		83E8EA04273241E400294376 = {
			isa = PBXGroup;
			children = (
				83E8EA0F273241E400294376 /* Africa */,
				83E8EA0E273241E400294376 /* Products */,
			);
			sourceTree = "<group>";
		};
		83E8EA0E273241E400294376 /* Products */ = {
			isa = PBXGroup;
			children = (
				83E8EA0D273241E400294376 /* Africa.app */,
			);
			name = Products;
			sourceTree = "<group>";
		};
		83E8EA0F273241E400294376 /* Africa */ = {
			isa = PBXGroup;
			children = (
				83EE65D02732898000965D1A /* Africa.entitlements */,
				83EE65CD273288C000965D1A /* Modifier */,
				83E8EA6527326A7500294376 /* Utilities */,
				83E8EA3D2732450C00294376 /* App */,
				83E8EA14273241E500294376 /* Assets.xcassets */,
				83E8EA33273243DA00294376 /* Data */,
				83E8EA4C273251BE00294376 /* Extensions */,
				83E8EA3C2732448700294376 /* Info.plist */,
				83E8EA492732514800294376 /* Models */,
				83E8EA16273241E500294376 /* Preview Content */,
				83E8EA1E273243A100294376 /* Videos */,
				83E8EA46273247FE00294376 /* Views */,
			);
			path = Africa;
			sourceTree = "<group>";
		};
		83E8EA16273241E500294376 /* Preview Content */ = {
			isa = PBXGroup;
			children = (
				83E8EA17273241E500294376 /* Preview Assets.xcassets */,
			);
			path = "Preview Content";
			sourceTree = "<group>";
		};
		83E8EA1E273243A100294376 /* Videos */ = {
			isa = PBXGroup;
			children = (
				83E8EA25273243BD00294376 /* cheetah.mp4 */,
				83E8EA27273243BE00294376 /* elephant.mp4 */,
				83E8EA28273243BE00294376 /* giraffe.mp4 */,
				83E8EA21273243BD00294376 /* gorilla.mp4 */,
				83E8EA1F273243BC00294376 /* hippo.mp4 */,
				83E8EA20273243BC00294376 /* lion.mp4 */,
				83E8EA24273243BD00294376 /* lioness.mp4 */,
				83E8EA22273243BD00294376 /* ostrich.mp4 */,
				83E8EA23273243BD00294376 /* rhino.mp4 */,
				83E8EA26273243BE00294376 /* zebra.mp4 */,
			);
			path = Videos;
			sourceTree = "<group>";
		};
		83E8EA33273243DA00294376 /* Data */ = {
			isa = PBXGroup;
			children = (
				83E8EA34273243E700294376 /* animals.json */,
				83E8EA36273243E700294376 /* covers.json */,
				83E8EA35273243E700294376 /* locations.json */,
				83E8EA37273243E700294376 /* videos.json */,
			);
			path = Data;
			sourceTree = "<group>";
		};
		83E8EA3D2732450C00294376 /* App */ = {
			isa = PBXGroup;
			children = (
				83E8EA10273241E400294376 /* AfricaApp.swift */,
				83E8EA12273241E400294376 /* ContentView.swift */,
				83E8EA422732455C00294376 /* GalleryView.swift */,
				83E8EA442732456800294376 /* MainView.swift */,
				83E8EA402732454F00294376 /* MapView.swift */,
				83E8EA3E2732453B00294376 /* VideoListView.swift */,
			);
			path = App;
			sourceTree = "<group>";
		};
		83E8EA46273247FE00294376 /* Views */ = {
			isa = PBXGroup;
			children = (
				83E8EA532732584D00294376 /* AnimalDetailView.swift */,
				83E8EA4F2732541800294376 /* AnimalListItemView.swift */,
				83E8EA472732480800294376 /* CoverImageView.swift */,
				83E8EA5D273260D000294376 /* ExternalLinkView.swift */,
				83E8EA5527325A1200294376 /* HeadingView.swift */,
				83E8EA5927325C8500294376 /* InsetFactView.swift */,
				83E8EA5727325AE200294376 /* InsetGalleryView.swift */,
				83E8EA5B27325E6D00294376 /* InsetMapView.swift */,
				83E8EA61273262B800294376 /* VideoListItemView.swift */,
				83E8EA6327326A0A00294376 /* VideoPlayerView.swift */,
				83E8EA6A2732700500294376 /* MapAnnotationView.swift */,
				83E8EA6C2732738100294376 /* MotionAnimationView.swift */,
				83E8EA6E2732821500294376 /* AnimalGridItemView.swift */,
				83E8EA70273285B400294376 /* CredtisView.swift */,
			);
			path = Views;
			sourceTree = "<group>";
		};
		83E8EA492732514800294376 /* Models */ = {
			isa = PBXGroup;
			children = (
				83E8EA4A2732515300294376 /* CoverImageModel.swift */,
				83E8EA512732551400294376 /* AnimalModel.swift */,
				83E8EA5F2732628400294376 /* VideoModel.swift */,
				83E8EA6827326DD300294376 /* LocationModel.swift */,
			);
			path = Models;
			sourceTree = "<group>";
		};
		83E8EA4C273251BE00294376 /* Extensions */ = {
			isa = PBXGroup;
			children = (
				83E8EA4D273251CA00294376 /* CodableBundleExtension.swift */,
			);
			path = Extensions;
			sourceTree = "<group>";
		};
		83E8EA6527326A7500294376 /* Utilities */ = {
			isa = PBXGroup;
			children = (
				83E8EA6627326A8300294376 /* VideoPlayerHelper.swift */,
			);
			path = Utilities;
			sourceTree = "<group>";
		};
		83EE65CD273288C000965D1A /* Modifier */ = {
			isa = PBXGroup;
			children = (
				83EE65CE273288D600965D1A /* CenterModifier.swift */,
			);
			path = Modifier;
			sourceTree = "<group>";
		};
/* End PBXGroup section */

/* Begin PBXNativeTarget section */
		83E8EA0C273241E400294376 /* Africa */ = {
			isa = PBXNativeTarget;
			buildConfigurationList = 83E8EA1B273241E500294376 /* Build configuration list for PBXNativeTarget "Africa" */;
			buildPhases = (
				83E8EA09273241E400294376 /* Sources */,
				83E8EA0A273241E400294376 /* Frameworks */,
				83E8EA0B273241E400294376 /* Resources */,
			);
			buildRules = (
			);
			dependencies = (
			);
			name = Africa;
			productName = Africa;
			productReference = 83E8EA0D273241E400294376 /* Africa.app */;
			productType = "com.apple.product-type.application";
		};
/* End PBXNativeTarget section */

/* Begin PBXProject section */
		83E8EA05273241E400294376 /* Project object */ = {
			isa = PBXProject;
			attributes = {
				BuildIndependentTargetsInParallel = 1;
				LastSwiftUpdateCheck = 1310;
				LastUpgradeCheck = 1310;
				TargetAttributes = {
					83E8EA0C273241E400294376 = {
						CreatedOnToolsVersion = 13.1;
					};
				};
			};
			buildConfigurationList = 83E8EA08273241E400294376 /* Build configuration list for PBXProject "Africa" */;
			compatibilityVersion = "Xcode 13.0";
			developmentRegion = en;
			hasScannedForEncodings = 0;
			knownRegions = (
				en,
				Base,
			);
			mainGroup = 83E8EA04273241E400294376;
			productRefGroup = 83E8EA0E273241E400294376 /* Products */;
			projectDirPath = "";
			projectRoot = "";
			targets = (
				83E8EA0C273241E400294376 /* Africa */,
			);
		};
/* End PBXProject section */

/* Begin PBXResourcesBuildPhase section */
		83E8EA0B273241E400294376 /* Resources */ = {
			isa = PBXResourcesBuildPhase;
			buildActionMask = 2147483647;
			files = (
				83E8EA39273243E700294376 /* locations.json in Resources */,
				83E8EA2C273243BE00294376 /* ostrich.mp4 in Resources */,
				83E8EA18273241E500294376 /* Preview Assets.xcassets in Resources */,
				83E8EA32273243BE00294376 /* giraffe.mp4 in Resources */,
				83E8EA2A273243BE00294376 /* lion.mp4 in Resources */,
				83E8EA2B273243BE00294376 /* gorilla.mp4 in Resources */,
				83E8EA2D273243BE00294376 /* rhino.mp4 in Resources */,
				83E8EA29273243BE00294376 /* hippo.mp4 in Resources */,
				83E8EA38273243E700294376 /* animals.json in Resources */,
				83E8EA30273243BE00294376 /* zebra.mp4 in Resources */,
				83E8EA3A273243E700294376 /* covers.json in Resources */,
				83E8EA15273241E500294376 /* Assets.xcassets in Resources */,
				83E8EA2E273243BE00294376 /* lioness.mp4 in Resources */,
				83E8EA3B273243E700294376 /* videos.json in Resources */,
				83E8EA2F273243BE00294376 /* cheetah.mp4 in Resources */,
				83E8EA31273243BE00294376 /* elephant.mp4 in Resources */,
			);
			runOnlyForDeploymentPostprocessing = 0;
		};
/* End PBXResourcesBuildPhase section */

/* Begin PBXSourcesBuildPhase section */
		83E8EA09273241E400294376 /* Sources */ = {
			isa = PBXSourcesBuildPhase;
			buildActionMask = 2147483647;
			files = (
				83E8EA62273262B800294376 /* VideoListItemView.swift in Sources */,
				83E8EA13273241E400294376 /* ContentView.swift in Sources */,
				83E8EA502732541800294376 /* AnimalListItemView.swift in Sources */,
				83E8EA452732456800294376 /* MainView.swift in Sources */,
				83E8EA5A27325C8500294376 /* InsetFactView.swift in Sources */,
				83E8EA482732480800294376 /* CoverImageView.swift in Sources */,
				83E8EA4B2732515300294376 /* CoverImageModel.swift in Sources */,
				83E8EA542732584D00294376 /* AnimalDetailView.swift in Sources */,
				83E8EA522732551400294376 /* AnimalModel.swift in Sources */,
				83E8EA5E273260D000294376 /* ExternalLinkView.swift in Sources */,
				83E8EA6727326A8300294376 /* VideoPlayerHelper.swift in Sources */,
				83E8EA412732454F00294376 /* MapView.swift in Sources */,
				83E8EA5C27325E6D00294376 /* InsetMapView.swift in Sources */,
				83E8EA6B2732700500294376 /* MapAnnotationView.swift in Sources */,
				83E8EA11273241E400294376 /* AfricaApp.swift in Sources */,
				83E8EA71273285B400294376 /* CredtisView.swift in Sources */,
				83E8EA3F2732453B00294376 /* VideoListView.swift in Sources */,
				83E8EA602732628400294376 /* VideoModel.swift in Sources */,
				83E8EA6927326DD300294376 /* LocationModel.swift in Sources */,
				83E8EA6F2732821500294376 /* AnimalGridItemView.swift in Sources */,
				83E8EA432732455C00294376 /* GalleryView.swift in Sources */,
				83E8EA5827325AE200294376 /* InsetGalleryView.swift in Sources */,
				83E8EA4E273251CA00294376 /* CodableBundleExtension.swift in Sources */,
				83E8EA6D2732738100294376 /* MotionAnimationView.swift in Sources */,
				83EE65CF273288D600965D1A /* CenterModifier.swift in Sources */,
				83E8EA5627325A1200294376 /* HeadingView.swift in Sources */,
				83E8EA6427326A0A00294376 /* VideoPlayerView.swift in Sources */,
			);
			runOnlyForDeploymentPostprocessing = 0;
		};
/* End PBXSourcesBuildPhase section */

/* Begin XCBuildConfiguration section */
		83E8EA19273241E500294376 /* Debug */ = {
			isa = XCBuildConfiguration;
			buildSettings = {
				ALWAYS_SEARCH_USER_PATHS = NO;
				CLANG_ANALYZER_NONNULL = YES;
				CLANG_ANALYZER_NUMBER_OBJECT_CONVERSION = YES_AGGRESSIVE;
				CLANG_CXX_LANGUAGE_STANDARD = "gnu++17";
				CLANG_CXX_LIBRARY = "libc++";
				CLANG_ENABLE_MODULES = YES;
				CLANG_ENABLE_OBJC_ARC = YES;
				CLANG_ENABLE_OBJC_WEAK = YES;
				CLANG_WARN_BLOCK_CAPTURE_AUTORELEASING = YES;
				CLANG_WARN_BOOL_CONVERSION = YES;
				CLANG_WARN_COMMA = YES;
				CLANG_WARN_CONSTANT_CONVERSION = YES;
				CLANG_WARN_DEPRECATED_OBJC_IMPLEMENTATIONS = YES;
				CLANG_WARN_DIRECT_OBJC_ISA_USAGE = YES_ERROR;
				CLANG_WARN_DOCUMENTATION_COMMENTS = YES;
				CLANG_WARN_EMPTY_BODY = YES;
				CLANG_WARN_ENUM_CONVERSION = YES;
				CLANG_WARN_INFINITE_RECURSION = YES;
				CLANG_WARN_INT_CONVERSION = YES;
				CLANG_WARN_NON_LITERAL_NULL_CONVERSION = YES;
				CLANG_WARN_OBJC_IMPLICIT_RETAIN_SELF = YES;
				CLANG_WARN_OBJC_LITERAL_CONVERSION = YES;
				CLANG_WARN_OBJC_ROOT_CLASS = YES_ERROR;
				CLANG_WARN_QUOTED_INCLUDE_IN_FRAMEWORK_HEADER = YES;
				CLANG_WARN_RANGE_LOOP_ANALYSIS = YES;
				CLANG_WARN_STRICT_PROTOTYPES = YES;
				CLANG_WARN_SUSPICIOUS_MOVE = YES;
				CLANG_WARN_UNGUARDED_AVAILABILITY = YES_AGGRESSIVE;
				CLANG_WARN_UNREACHABLE_CODE = YES;
				CLANG_WARN__DUPLICATE_METHOD_MATCH = YES;
				COPY_PHASE_STRIP = NO;
				DEBUG_INFORMATION_FORMAT = dwarf;
				ENABLE_STRICT_OBJC_MSGSEND = YES;
				ENABLE_TESTABILITY = YES;
				GCC_C_LANGUAGE_STANDARD = gnu11;
				GCC_DYNAMIC_NO_PIC = NO;
				GCC_NO_COMMON_BLOCKS = YES;
				GCC_OPTIMIZATION_LEVEL = 0;
				GCC_PREPROCESSOR_DEFINITIONS = (
					"DEBUG=1",
					"$(inherited)",
				);
				GCC_WARN_64_TO_32_BIT_CONVERSION = YES;
				GCC_WARN_ABOUT_RETURN_TYPE = YES_ERROR;
				GCC_WARN_UNDECLARED_SELECTOR = YES;
				GCC_WARN_UNINITIALIZED_AUTOS = YES_AGGRESSIVE;
				GCC_WARN_UNUSED_FUNCTION = YES;
				GCC_WARN_UNUSED_VARIABLE = YES;
				IPHONEOS_DEPLOYMENT_TARGET = 15.0;
				MTL_ENABLE_DEBUG_INFO = INCLUDE_SOURCE;
				MTL_FAST_MATH = YES;
				ONLY_ACTIVE_ARCH = YES;
				SDKROOT = iphoneos;
				SWIFT_ACTIVE_COMPILATION_CONDITIONS = DEBUG;
				SWIFT_OPTIMIZATION_LEVEL = "-Onone";
			};
			name = Debug;
		};
		83E8EA1A273241E500294376 /* Release */ = {
			isa = XCBuildConfiguration;
			buildSettings = {
				ALWAYS_SEARCH_USER_PATHS = NO;
				CLANG_ANALYZER_NONNULL = YES;
				CLANG_ANALYZER_NUMBER_OBJECT_CONVERSION = YES_AGGRESSIVE;
				CLANG_CXX_LANGUAGE_STANDARD = "gnu++17";
				CLANG_CXX_LIBRARY = "libc++";
				CLANG_ENABLE_MODULES = YES;
				CLANG_ENABLE_OBJC_ARC = YES;
				CLANG_ENABLE_OBJC_WEAK = YES;
				CLANG_WARN_BLOCK_CAPTURE_AUTORELEASING = YES;
				CLANG_WARN_BOOL_CONVERSION = YES;
				CLANG_WARN_COMMA = YES;
				CLANG_WARN_CONSTANT_CONVERSION = YES;
				CLANG_WARN_DEPRECATED_OBJC_IMPLEMENTATIONS = YES;
				CLANG_WARN_DIRECT_OBJC_ISA_USAGE = YES_ERROR;
				CLANG_WARN_DOCUMENTATION_COMMENTS = YES;
				CLANG_WARN_EMPTY_BODY = YES;
				CLANG_WARN_ENUM_CONVERSION = YES;
				CLANG_WARN_INFINITE_RECURSION = YES;
				CLANG_WARN_INT_CONVERSION = YES;
				CLANG_WARN_NON_LITERAL_NULL_CONVERSION = YES;
				CLANG_WARN_OBJC_IMPLICIT_RETAIN_SELF = YES;
				CLANG_WARN_OBJC_LITERAL_CONVERSION = YES;
				CLANG_WARN_OBJC_ROOT_CLASS = YES_ERROR;
				CLANG_WARN_QUOTED_INCLUDE_IN_FRAMEWORK_HEADER = YES;
				CLANG_WARN_RANGE_LOOP_ANALYSIS = YES;
				CLANG_WARN_STRICT_PROTOTYPES = YES;
				CLANG_WARN_SUSPICIOUS_MOVE = YES;
				CLANG_WARN_UNGUARDED_AVAILABILITY = YES_AGGRESSIVE;
				CLANG_WARN_UNREACHABLE_CODE = YES;
				CLANG_WARN__DUPLICATE_METHOD_MATCH = YES;
				COPY_PHASE_STRIP = NO;
				DEBUG_INFORMATION_FORMAT = "dwarf-with-dsym";
				ENABLE_NS_ASSERTIONS = NO;
				ENABLE_STRICT_OBJC_MSGSEND = YES;
				GCC_C_LANGUAGE_STANDARD = gnu11;
				GCC_NO_COMMON_BLOCKS = YES;
				GCC_WARN_64_TO_32_BIT_CONVERSION = YES;
				GCC_WARN_ABOUT_RETURN_TYPE = YES_ERROR;
				GCC_WARN_UNDECLARED_SELECTOR = YES;
				GCC_WARN_UNINITIALIZED_AUTOS = YES_AGGRESSIVE;
				GCC_WARN_UNUSED_FUNCTION = YES;
				GCC_WARN_UNUSED_VARIABLE = YES;
				IPHONEOS_DEPLOYMENT_TARGET = 15.0;
				MTL_ENABLE_DEBUG_INFO = NO;
				MTL_FAST_MATH = YES;
				SDKROOT = iphoneos;
				SWIFT_COMPILATION_MODE = wholemodule;
				SWIFT_OPTIMIZATION_LEVEL = "-O";
				VALIDATE_PRODUCT = YES;
			};
			name = Release;
		};
		83E8EA1C273241E500294376 /* Debug */ = {
			isa = XCBuildConfiguration;
			buildSettings = {
				ASSETCATALOG_COMPILER_APPICON_NAME = AppIcon;
				ASSETCATALOG_COMPILER_GLOBAL_ACCENT_COLOR_NAME = AccentColor;
				CODE_SIGN_ENTITLEMENTS = Africa/Africa.entitlements;
				CODE_SIGN_STYLE = Automatic;
				CURRENT_PROJECT_VERSION = 1;
				DEVELOPMENT_ASSET_PATHS = "\"Africa/Preview Content\"";
				DEVELOPMENT_TEAM = F43R344YXH;
				ENABLE_PREVIEWS = YES;
				GENERATE_INFOPLIST_FILE = YES;
				INFOPLIST_FILE = Africa/Info.plist;
				INFOPLIST_KEY_UIApplicationSceneManifest_Generation = YES;
				INFOPLIST_KEY_UIApplicationSupportsIndirectInputEvents = YES;
				INFOPLIST_KEY_UISupportedInterfaceOrientations_iPad = "UIInterfaceOrientationPortrait UIInterfaceOrientationPortraitUpsideDown UIInterfaceOrientationLandscapeLeft UIInterfaceOrientationLandscapeRight";
				INFOPLIST_KEY_UISupportedInterfaceOrientations_iPhone = "UIInterfaceOrientationPortrait UIInterfaceOrientationLandscapeLeft UIInterfaceOrientationLandscapeRight";
				INFOPLIST_KEY_UIUserInterfaceStyle = Dark;
				LD_RUNPATH_SEARCH_PATHS = (
					"$(inherited)",
					"@executable_path/Frameworks",
				);
				MARKETING_VERSION = 1.0;
				PRODUCT_BUNDLE_IDENTIFIER = com.chris.Africa;
				PRODUCT_NAME = "$(TARGET_NAME)";
				SUPPORTS_MACCATALYST = YES;
				SWIFT_EMIT_LOC_STRINGS = YES;
				SWIFT_VERSION = 5.0;
				TARGETED_DEVICE_FAMILY = "1,2";
			};
			name = Debug;
		};
		83E8EA1D273241E500294376 /* Release */ = {
			isa = XCBuildConfiguration;
			buildSettings = {
				ASSETCATALOG_COMPILER_APPICON_NAME = AppIcon;
				ASSETCATALOG_COMPILER_GLOBAL_ACCENT_COLOR_NAME = AccentColor;
				CODE_SIGN_ENTITLEMENTS = Africa/Africa.entitlements;
				CODE_SIGN_STYLE = Automatic;
				CURRENT_PROJECT_VERSION = 1;
				DEVELOPMENT_ASSET_PATHS = "\"Africa/Preview Content\"";
				DEVELOPMENT_TEAM = F43R344YXH;
				ENABLE_PREVIEWS = YES;
				GENERATE_INFOPLIST_FILE = YES;
				INFOPLIST_FILE = Africa/Info.plist;
				INFOPLIST_KEY_UIApplicationSceneManifest_Generation = YES;
				INFOPLIST_KEY_UIApplicationSupportsIndirectInputEvents = YES;
				INFOPLIST_KEY_UISupportedInterfaceOrientations_iPad = "UIInterfaceOrientationPortrait UIInterfaceOrientationPortraitUpsideDown UIInterfaceOrientationLandscapeLeft UIInterfaceOrientationLandscapeRight";
				INFOPLIST_KEY_UISupportedInterfaceOrientations_iPhone = "UIInterfaceOrientationPortrait UIInterfaceOrientationLandscapeLeft UIInterfaceOrientationLandscapeRight";
				INFOPLIST_KEY_UIUserInterfaceStyle = Dark;
				LD_RUNPATH_SEARCH_PATHS = (
					"$(inherited)",
					"@executable_path/Frameworks",
				);
				MARKETING_VERSION = 1.0;
				PRODUCT_BUNDLE_IDENTIFIER = com.chris.Africa;
				PRODUCT_NAME = "$(TARGET_NAME)";
				SUPPORTS_MACCATALYST = YES;
				SWIFT_EMIT_LOC_STRINGS = YES;
				SWIFT_VERSION = 5.0;
				TARGETED_DEVICE_FAMILY = "1,2";
			};
			name = Release;
		};
/* End XCBuildConfiguration section */

/* Begin XCConfigurationList section */
		83E8EA08273241E400294376 /* Build configuration list for PBXProject "Africa" */ = {
			isa = XCConfigurationList;
			buildConfigurations = (
				83E8EA19273241E500294376 /* Debug */,
				83E8EA1A273241E500294376 /* Release */,
			);
			defaultConfigurationIsVisible = 0;
			defaultConfigurationName = Release;
		};
		83E8EA1B273241E500294376 /* Build configuration list for PBXNativeTarget "Africa" */ = {
			isa = XCConfigurationList;
			buildConfigurations = (
				83E8EA1C273241E500294376 /* Debug */,
				83E8EA1D273241E500294376 /* Release */,
			);
			defaultConfigurationIsVisible = 0;
			defaultConfigurationName = Release;
		};
/* End XCConfigurationList section */
	};
	rootObject = 83E8EA05273241E400294376 /* Project object */;
}
