// !$*UTF8*$!
{
	archiveVersion = 1;
	classes = {
	};
	objectVersion = 55;
	objects = {

/* Begin PBXBuildFile section */
		838470F12736542400580B8B /* Slot_MachineApp.swift in Sources */ = {isa = PBXBuildFile; fileRef = 838470F02736542400580B8B /* Slot_MachineApp.swift */; };
		838470F32736542400580B8B /* ContentView.swift in Sources */ = {isa = PBXBuildFile; fileRef = 838470F22736542400580B8B /* ContentView.swift */; };
		838470F52736542400580B8B /* Assets.xcassets in Resources */ = {isa = PBXBuildFile; fileRef = 838470F42736542400580B8B /* Assets.xcassets */; };
		838470F82736542400580B8B /* Preview Assets.xcassets in Resources */ = {isa = PBXBuildFile; fileRef = 838470F72736542400580B8B /* Preview Assets.xcassets */; };
		838471072736551800580B8B /* background-music.mp3 in Resources */ = {isa = PBXBuildFile; fileRef = 838470FF2736551800580B8B /* background-music.mp3 */; };
		838471082736551800580B8B /* chimeup.mp3 in Resources */ = {isa = PBXBuildFile; fileRef = 838471002736551800580B8B /* chimeup.mp3 */; };
		838471092736551800580B8B /* casino-chips.mp3 in Resources */ = {isa = PBXBuildFile; fileRef = 838471012736551800580B8B /* casino-chips.mp3 */; };
		8384710A2736551800580B8B /* spin.mp3 in Resources */ = {isa = PBXBuildFile; fileRef = 838471022736551800580B8B /* spin.mp3 */; };
		8384710B2736551800580B8B /* win.mp3 in Resources */ = {isa = PBXBuildFile; fileRef = 838471032736551800580B8B /* win.mp3 */; };
		8384710C2736551800580B8B /* game-over.mp3 in Resources */ = {isa = PBXBuildFile; fileRef = 838471042736551800580B8B /* game-over.mp3 */; };
		8384710D2736551800580B8B /* high-score.mp3 in Resources */ = {isa = PBXBuildFile; fileRef = 838471052736551800580B8B /* high-score.mp3 */; };
		8384710E2736551800580B8B /* riseup.mp3 in Resources */ = {isa = PBXBuildFile; fileRef = 838471062736551800580B8B /* riseup.mp3 */; };
		83847113273656A800580B8B /* LogoView.swift in Sources */ = {isa = PBXBuildFile; fileRef = 83847112273656A800580B8B /* LogoView.swift */; };
		83847115273656D800580B8B /* Modifiers.swift in Sources */ = {isa = PBXBuildFile; fileRef = 83847114273656D800580B8B /* Modifiers.swift */; };
		838471172736585E00580B8B /* Extensions.swift in Sources */ = {isa = PBXBuildFile; fileRef = 838471162736585E00580B8B /* Extensions.swift */; };
		8384711B2736599000580B8B /* ReelView.swift in Sources */ = {isa = PBXBuildFile; fileRef = 8384711A2736599000580B8B /* ReelView.swift */; };
		8384711D27365DA000580B8B /* InfoView.swift in Sources */ = {isa = PBXBuildFile; fileRef = 8384711C27365DA000580B8B /* InfoView.swift */; };
/* End PBXBuildFile section */

/* Begin PBXFileReference section */
		838470ED2736542400580B8B /* Slot Machine.app */ = {isa = PBXFileReference; explicitFileType = wrapper.application; includeInIndex = 0; path = "Slot Machine.app"; sourceTree = BUILT_PRODUCTS_DIR; };
		838470F02736542400580B8B /* Slot_MachineApp.swift */ = {isa = PBXFileReference; lastKnownFileType = sourcecode.swift; path = Slot_MachineApp.swift; sourceTree = "<group>"; };
		838470F22736542400580B8B /* ContentView.swift */ = {isa = PBXFileReference; lastKnownFileType = sourcecode.swift; path = ContentView.swift; sourceTree = "<group>"; };
		838470F42736542400580B8B /* Assets.xcassets */ = {isa = PBXFileReference; lastKnownFileType = folder.assetcatalog; path = Assets.xcassets; sourceTree = "<group>"; };
		838470F72736542400580B8B /* Preview Assets.xcassets */ = {isa = PBXFileReference; lastKnownFileType = folder.assetcatalog; path = "Preview Assets.xcassets"; sourceTree = "<group>"; };
		838470FF2736551800580B8B /* background-music.mp3 */ = {isa = PBXFileReference; lastKnownFileType = audio.mp3; path = "background-music.mp3"; sourceTree = "<group>"; };
		838471002736551800580B8B /* chimeup.mp3 */ = {isa = PBXFileReference; lastKnownFileType = audio.mp3; path = chimeup.mp3; sourceTree = "<group>"; };
		838471012736551800580B8B /* casino-chips.mp3 */ = {isa = PBXFileReference; lastKnownFileType = audio.mp3; path = "casino-chips.mp3"; sourceTree = "<group>"; };
		838471022736551800580B8B /* spin.mp3 */ = {isa = PBXFileReference; lastKnownFileType = audio.mp3; path = spin.mp3; sourceTree = "<group>"; };
		838471032736551800580B8B /* win.mp3 */ = {isa = PBXFileReference; lastKnownFileType = audio.mp3; path = win.mp3; sourceTree = "<group>"; };
		838471042736551800580B8B /* game-over.mp3 */ = {isa = PBXFileReference; lastKnownFileType = audio.mp3; path = "game-over.mp3"; sourceTree = "<group>"; };
		838471052736551800580B8B /* high-score.mp3 */ = {isa = PBXFileReference; lastKnownFileType = audio.mp3; path = "high-score.mp3"; sourceTree = "<group>"; };
		838471062736551800580B8B /* riseup.mp3 */ = {isa = PBXFileReference; lastKnownFileType = audio.mp3; path = riseup.mp3; sourceTree = "<group>"; };
		838471112736555200580B8B /* Slot-Machine-Info.plist */ = {isa = PBXFileReference; lastKnownFileType = text.plist; path = "Slot-Machine-Info.plist"; sourceTree = SOURCE_ROOT; };
		83847112273656A800580B8B /* LogoView.swift */ = {isa = PBXFileReference; lastKnownFileType = sourcecode.swift; path = LogoView.swift; sourceTree = "<group>"; };
		83847114273656D800580B8B /* Modifiers.swift */ = {isa = PBXFileReference; lastKnownFileType = sourcecode.swift; path = Modifiers.swift; sourceTree = "<group>"; };
		838471162736585E00580B8B /* Extensions.swift */ = {isa = PBXFileReference; lastKnownFileType = sourcecode.swift; path = Extensions.swift; sourceTree = "<group>"; };
		8384711A2736599000580B8B /* ReelView.swift */ = {isa = PBXFileReference; lastKnownFileType = sourcecode.swift; path = ReelView.swift; sourceTree = "<group>"; };
		8384711C27365DA000580B8B /* InfoView.swift */ = {isa = PBXFileReference; lastKnownFileType = sourcecode.swift; path = InfoView.swift; sourceTree = "<group>"; };
/* End PBXFileReference section */

/* Begin PBXFrameworksBuildPhase section */
		838470EA2736542400580B8B /* Frameworks */ = {
			isa = PBXFrameworksBuildPhase;
			buildActionMask = 2147483647;
			files = (
			);
			runOnlyForDeploymentPostprocessing = 0;
		};
/* End PBXFrameworksBuildPhase section */

/* Begin PBXGroup section */
		838470E42736542400580B8B = {
			isa = PBXGroup;
			children = (
				838470EF2736542400580B8B /* Slot Machine */,
				838470EE2736542400580B8B /* Products */,
			);
			sourceTree = "<group>";
		};
		838470EE2736542400580B8B /* Products */ = {
			isa = PBXGroup;
			children = (
				838470ED2736542400580B8B /* Slot Machine.app */,
			);
			name = Products;
			sourceTree = "<group>";
		};
		838470EF2736542400580B8B /* Slot Machine */ = {
			isa = PBXGroup;
			children = (
				838471112736555200580B8B /* Slot-Machine-Info.plist */,
				838470F42736542400580B8B /* Assets.xcassets */,
				838471102736552F00580B8B /* Helpers */,
				838470F62736542400580B8B /* Preview Content */,
				838470F02736542400580B8B /* Slot_MachineApp.swift */,
				838470FE2736551800580B8B /* Sounds */,
				8384710F2736552900580B8B /* Views */,
			);
			path = "Slot Machine";
			sourceTree = "<group>";
		};
		838470F62736542400580B8B /* Preview Content */ = {
			isa = PBXGroup;
			children = (
				838470F72736542400580B8B /* Preview Assets.xcassets */,
			);
			path = "Preview Content";
			sourceTree = "<group>";
		};
		838470FE2736551800580B8B /* Sounds */ = {
			isa = PBXGroup;
			children = (
				838470FF2736551800580B8B /* background-music.mp3 */,
				838471002736551800580B8B /* chimeup.mp3 */,
				838471012736551800580B8B /* casino-chips.mp3 */,
				838471022736551800580B8B /* spin.mp3 */,
				838471032736551800580B8B /* win.mp3 */,
				838471042736551800580B8B /* game-over.mp3 */,
				838471052736551800580B8B /* high-score.mp3 */,
				838471062736551800580B8B /* riseup.mp3 */,
			);
			path = Sounds;
			sourceTree = "<group>";
		};
		8384710F2736552900580B8B /* Views */ = {
			isa = PBXGroup;
			children = (
				838470F22736542400580B8B /* ContentView.swift */,
				83847112273656A800580B8B /* LogoView.swift */,
				8384711A2736599000580B8B /* ReelView.swift */,
				8384711C27365DA000580B8B /* InfoView.swift */,
			);
			path = Views;
			sourceTree = "<group>";
		};
		838471102736552F00580B8B /* Helpers */ = {
			isa = PBXGroup;
			children = (
				83847114273656D800580B8B /* Modifiers.swift */,
				838471162736585E00580B8B /* Extensions.swift */,
			);
			path = Helpers;
			sourceTree = "<group>";
		};
/* End PBXGroup section */

/* Begin PBXNativeTarget section */
		838470EC2736542400580B8B /* Slot Machine */ = {
			isa = PBXNativeTarget;
			buildConfigurationList = 838470FB2736542400580B8B /* Build configuration list for PBXNativeTarget "Slot Machine" */;
			buildPhases = (
				838470E92736542400580B8B /* Sources */,
				838470EA2736542400580B8B /* Frameworks */,
				838470EB2736542400580B8B /* Resources */,
			);
			buildRules = (
			);
			dependencies = (
			);
			name = "Slot Machine";
			productName = "Slot Machine";
			productReference = 838470ED2736542400580B8B /* Slot Machine.app */;
			productType = "com.apple.product-type.application";
		};
/* End PBXNativeTarget section */

/* Begin PBXProject section */
		838470E52736542400580B8B /* Project object */ = {
			isa = PBXProject;
			attributes = {
				BuildIndependentTargetsInParallel = 1;
				LastSwiftUpdateCheck = 1310;
				LastUpgradeCheck = 1310;
				TargetAttributes = {
					838470EC2736542400580B8B = {
						CreatedOnToolsVersion = 13.1;
					};
				};
			};
			buildConfigurationList = 838470E82736542400580B8B /* Build configuration list for PBXProject "Slot Machine" */;
			compatibilityVersion = "Xcode 13.0";
			developmentRegion = en;
			hasScannedForEncodings = 0;
			knownRegions = (
				en,
				Base,
			);
			mainGroup = 838470E42736542400580B8B;
			productRefGroup = 838470EE2736542400580B8B /* Products */;
			projectDirPath = "";
			projectRoot = "";
			targets = (
				838470EC2736542400580B8B /* Slot Machine */,
			);
		};
/* End PBXProject section */

/* Begin PBXResourcesBuildPhase section */
		838470EB2736542400580B8B /* Resources */ = {
			isa = PBXResourcesBuildPhase;
			buildActionMask = 2147483647;
			files = (
				838471082736551800580B8B /* chimeup.mp3 in Resources */,
				838470F82736542400580B8B /* Preview Assets.xcassets in Resources */,
				8384710B2736551800580B8B /* win.mp3 in Resources */,
				8384710A2736551800580B8B /* spin.mp3 in Resources */,
				838471072736551800580B8B /* background-music.mp3 in Resources */,
				838470F52736542400580B8B /* Assets.xcassets in Resources */,
				8384710C2736551800580B8B /* game-over.mp3 in Resources */,
				838471092736551800580B8B /* casino-chips.mp3 in Resources */,
				8384710E2736551800580B8B /* riseup.mp3 in Resources */,
				8384710D2736551800580B8B /* high-score.mp3 in Resources */,
			);
			runOnlyForDeploymentPostprocessing = 0;
		};
/* End PBXResourcesBuildPhase section */

/* Begin PBXSourcesBuildPhase section */
		838470E92736542400580B8B /* Sources */ = {
			isa = PBXSourcesBuildPhase;
			buildActionMask = 2147483647;
			files = (
				8384711B2736599000580B8B /* ReelView.swift in Sources */,
				838471172736585E00580B8B /* Extensions.swift in Sources */,
				83847115273656D800580B8B /* Modifiers.swift in Sources */,
				838470F32736542400580B8B /* ContentView.swift in Sources */,
				83847113273656A800580B8B /* LogoView.swift in Sources */,
				838470F12736542400580B8B /* Slot_MachineApp.swift in Sources */,
				8384711D27365DA000580B8B /* InfoView.swift in Sources */,
			);
			runOnlyForDeploymentPostprocessing = 0;
		};
/* End PBXSourcesBuildPhase section */

/* Begin XCBuildConfiguration section */
		838470F92736542400580B8B /* Debug */ = {
			isa = XCBuildConfiguration;
			buildSettings = {
				ALWAYS_SEARCH_USER_PATHS = NO;
				CLANG_ANALYZER_NONNULL = YES;
				CLANG_ANALYZER_NUMBER_OBJECT_CONVERSION = YES_AGGRESSIVE;
				CLANG_CXX_LANGUAGE_STANDARD = "gnu++17";
				CLANG_CXX_LIBRARY = "libc++";
				CLANG_ENABLE_MODULES = YES;
				CLANG_ENABLE_OBJC_ARC = YES;
				CLANG_ENABLE_OBJC_WEAK = YES;
				CLANG_WARN_BLOCK_CAPTURE_AUTORELEASING = YES;
				CLANG_WARN_BOOL_CONVERSION = YES;
				CLANG_WARN_COMMA = YES;
				CLANG_WARN_CONSTANT_CONVERSION = YES;
				CLANG_WARN_DEPRECATED_OBJC_IMPLEMENTATIONS = YES;
				CLANG_WARN_DIRECT_OBJC_ISA_USAGE = YES_ERROR;
				CLANG_WARN_DOCUMENTATION_COMMENTS = YES;
				CLANG_WARN_EMPTY_BODY = YES;
				CLANG_WARN_ENUM_CONVERSION = YES;
				CLANG_WARN_INFINITE_RECURSION = YES;
				CLANG_WARN_INT_CONVERSION = YES;
				CLANG_WARN_NON_LITERAL_NULL_CONVERSION = YES;
				CLANG_WARN_OBJC_IMPLICIT_RETAIN_SELF = YES;
				CLANG_WARN_OBJC_LITERAL_CONVERSION = YES;
				CLANG_WARN_OBJC_ROOT_CLASS = YES_ERROR;
				CLANG_WARN_QUOTED_INCLUDE_IN_FRAMEWORK_HEADER = YES;
				CLANG_WARN_RANGE_LOOP_ANALYSIS = YES;
				CLANG_WARN_STRICT_PROTOTYPES = YES;
				CLANG_WARN_SUSPICIOUS_MOVE = YES;
				CLANG_WARN_UNGUARDED_AVAILABILITY = YES_AGGRESSIVE;
				CLANG_WARN_UNREACHABLE_CODE = YES;
				CLANG_WARN__DUPLICATE_METHOD_MATCH = YES;
				COPY_PHASE_STRIP = NO;
				DEBUG_INFORMATION_FORMAT = dwarf;
				ENABLE_STRICT_OBJC_MSGSEND = YES;
				ENABLE_TESTABILITY = YES;
				GCC_C_LANGUAGE_STANDARD = gnu11;
				GCC_DYNAMIC_NO_PIC = NO;
				GCC_NO_COMMON_BLOCKS = YES;
				GCC_OPTIMIZATION_LEVEL = 0;
				GCC_PREPROCESSOR_DEFINITIONS = (
					"DEBUG=1",
					"$(inherited)",
				);
				GCC_WARN_64_TO_32_BIT_CONVERSION = YES;
				GCC_WARN_ABOUT_RETURN_TYPE = YES_ERROR;
				GCC_WARN_UNDECLARED_SELECTOR = YES;
				GCC_WARN_UNINITIALIZED_AUTOS = YES_AGGRESSIVE;
				GCC_WARN_UNUSED_FUNCTION = YES;
				GCC_WARN_UNUSED_VARIABLE = YES;
				IPHONEOS_DEPLOYMENT_TARGET = 15.0;
				MTL_ENABLE_DEBUG_INFO = INCLUDE_SOURCE;
				MTL_FAST_MATH = YES;
				ONLY_ACTIVE_ARCH = YES;
				SDKROOT = iphoneos;
				SWIFT_ACTIVE_COMPILATION_CONDITIONS = DEBUG;
				SWIFT_OPTIMIZATION_LEVEL = "-Onone";
			};
			name = Debug;
		};
		838470FA2736542400580B8B /* Release */ = {
			isa = XCBuildConfiguration;
			buildSettings = {
				ALWAYS_SEARCH_USER_PATHS = NO;
				CLANG_ANALYZER_NONNULL = YES;
				CLANG_ANALYZER_NUMBER_OBJECT_CONVERSION = YES_AGGRESSIVE;
				CLANG_CXX_LANGUAGE_STANDARD = "gnu++17";
				CLANG_CXX_LIBRARY = "libc++";
				CLANG_ENABLE_MODULES = YES;
				CLANG_ENABLE_OBJC_ARC = YES;
				CLANG_ENABLE_OBJC_WEAK = YES;
				CLANG_WARN_BLOCK_CAPTURE_AUTORELEASING = YES;
				CLANG_WARN_BOOL_CONVERSION = YES;
				CLANG_WARN_COMMA = YES;
				CLANG_WARN_CONSTANT_CONVERSION = YES;
				CLANG_WARN_DEPRECATED_OBJC_IMPLEMENTATIONS = YES;
				CLANG_WARN_DIRECT_OBJC_ISA_USAGE = YES_ERROR;
				CLANG_WARN_DOCUMENTATION_COMMENTS = YES;
				CLANG_WARN_EMPTY_BODY = YES;
				CLANG_WARN_ENUM_CONVERSION = YES;
				CLANG_WARN_INFINITE_RECURSION = YES;
				CLANG_WARN_INT_CONVERSION = YES;
				CLANG_WARN_NON_LITERAL_NULL_CONVERSION = YES;
				CLANG_WARN_OBJC_IMPLICIT_RETAIN_SELF = YES;
				CLANG_WARN_OBJC_LITERAL_CONVERSION = YES;
				CLANG_WARN_OBJC_ROOT_CLASS = YES_ERROR;
				CLANG_WARN_QUOTED_INCLUDE_IN_FRAMEWORK_HEADER = YES;
				CLANG_WARN_RANGE_LOOP_ANALYSIS = YES;
				CLANG_WARN_STRICT_PROTOTYPES = YES;
				CLANG_WARN_SUSPICIOUS_MOVE = YES;
				CLANG_WARN_UNGUARDED_AVAILABILITY = YES_AGGRESSIVE;
				CLANG_WARN_UNREACHABLE_CODE = YES;
				CLANG_WARN__DUPLICATE_METHOD_MATCH = YES;
				COPY_PHASE_STRIP = NO;
				DEBUG_INFORMATION_FORMAT = "dwarf-with-dsym";
				ENABLE_NS_ASSERTIONS = NO;
				ENABLE_STRICT_OBJC_MSGSEND = YES;
				GCC_C_LANGUAGE_STANDARD = gnu11;
				GCC_NO_COMMON_BLOCKS = YES;
				GCC_WARN_64_TO_32_BIT_CONVERSION = YES;
				GCC_WARN_ABOUT_RETURN_TYPE = YES_ERROR;
				GCC_WARN_UNDECLARED_SELECTOR = YES;
				GCC_WARN_UNINITIALIZED_AUTOS = YES_AGGRESSIVE;
				GCC_WARN_UNUSED_FUNCTION = YES;
				GCC_WARN_UNUSED_VARIABLE = YES;
				IPHONEOS_DEPLOYMENT_TARGET = 15.0;
				MTL_ENABLE_DEBUG_INFO = NO;
				MTL_FAST_MATH = YES;
				SDKROOT = iphoneos;
				SWIFT_COMPILATION_MODE = wholemodule;
				SWIFT_OPTIMIZATION_LEVEL = "-O";
				VALIDATE_PRODUCT = YES;
			};
			name = Release;
		};
		838470FC2736542400580B8B /* Debug */ = {
			isa = XCBuildConfiguration;
			buildSettings = {
				ASSETCATALOG_COMPILER_APPICON_NAME = AppIcon;
				ASSETCATALOG_COMPILER_GLOBAL_ACCENT_COLOR_NAME = AccentColor;
				CODE_SIGN_STYLE = Automatic;
				CURRENT_PROJECT_VERSION = 1;
				DEVELOPMENT_ASSET_PATHS = "\"Slot Machine/Preview Content\"";
				DEVELOPMENT_TEAM = F43R344YXH;
				ENABLE_PREVIEWS = YES;
				GENERATE_INFOPLIST_FILE = YES;
				INFOPLIST_FILE = "Slot-Machine-Info.plist";
				INFOPLIST_KEY_UIApplicationSceneManifest_Generation = YES;
				INFOPLIST_KEY_UIApplicationSupportsIndirectInputEvents = YES;
				INFOPLIST_KEY_UISupportedInterfaceOrientations = UIInterfaceOrientationPortrait;
				INFOPLIST_KEY_UISupportedInterfaceOrientations_iPad = "UIInterfaceOrientationPortrait UIInterfaceOrientationPortraitUpsideDown UIInterfaceOrientationLandscapeLeft UIInterfaceOrientationLandscapeRight";
				INFOPLIST_KEY_UISupportedInterfaceOrientations_iPhone = "UIInterfaceOrientationPortrait UIInterfaceOrientationLandscapeLeft UIInterfaceOrientationLandscapeRight";
				LD_RUNPATH_SEARCH_PATHS = (
					"$(inherited)",
					"@executable_path/Frameworks",
				);
				MARKETING_VERSION = 1.0;
				PRODUCT_BUNDLE_IDENTIFIER = "com.chris.Slot-Machine";
				PRODUCT_NAME = "$(TARGET_NAME)";
				SWIFT_EMIT_LOC_STRINGS = YES;
				SWIFT_VERSION = 5.0;
				TARGETED_DEVICE_FAMILY = "1,2";
			};
			name = Debug;
		};
		838470FD2736542400580B8B /* Release */ = {
			isa = XCBuildConfiguration;
			buildSettings = {
				ASSETCATALOG_COMPILER_APPICON_NAME = AppIcon;
				ASSETCATALOG_COMPILER_GLOBAL_ACCENT_COLOR_NAME = AccentColor;
				CODE_SIGN_STYLE = Automatic;
				CURRENT_PROJECT_VERSION = 1;
				DEVELOPMENT_ASSET_PATHS = "\"Slot Machine/Preview Content\"";
				DEVELOPMENT_TEAM = F43R344YXH;
				ENABLE_PREVIEWS = YES;
				GENERATE_INFOPLIST_FILE = YES;
				INFOPLIST_FILE = "Slot-Machine-Info.plist";
				INFOPLIST_KEY_UIApplicationSceneManifest_Generation = YES;
				INFOPLIST_KEY_UIApplicationSupportsIndirectInputEvents = YES;
				INFOPLIST_KEY_UISupportedInterfaceOrientations = UIInterfaceOrientationPortrait;
				INFOPLIST_KEY_UISupportedInterfaceOrientations_iPad = "UIInterfaceOrientationPortrait UIInterfaceOrientationPortraitUpsideDown UIInterfaceOrientationLandscapeLeft UIInterfaceOrientationLandscapeRight";
				INFOPLIST_KEY_UISupportedInterfaceOrientations_iPhone = "UIInterfaceOrientationPortrait UIInterfaceOrientationLandscapeLeft UIInterfaceOrientationLandscapeRight";
				LD_RUNPATH_SEARCH_PATHS = (
					"$(inherited)",
					"@executable_path/Frameworks",
				);
				MARKETING_VERSION = 1.0;
				PRODUCT_BUNDLE_IDENTIFIER = "com.chris.Slot-Machine";
				PRODUCT_NAME = "$(TARGET_NAME)";
				SWIFT_EMIT_LOC_STRINGS = YES;
				SWIFT_VERSION = 5.0;
				TARGETED_DEVICE_FAMILY = "1,2";
			};
			name = Release;
		};
/* End XCBuildConfiguration section */

/* Begin XCConfigurationList section */
		838470E82736542400580B8B /* Build configuration list for PBXProject "Slot Machine" */ = {
			isa = XCConfigurationList;
			buildConfigurations = (
				838470F92736542400580B8B /* Debug */,
				838470FA2736542400580B8B /* Release */,
			);
			defaultConfigurationIsVisible = 0;
			defaultConfigurationName = Release;
		};
		838470FB2736542400580B8B /* Build configuration list for PBXNativeTarget "Slot Machine" */ = {
			isa = XCConfigurationList;
			buildConfigurations = (
				838470FC2736542400580B8B /* Debug */,
				838470FD2736542400580B8B /* Release */,
			);
			defaultConfigurationIsVisible = 0;
			defaultConfigurationName = Release;
		};
/* End XCConfigurationList section */
	};
	rootObject = 838470E52736542400580B8B /* Project object */;
}
